
Microsoft Visual Studio Solution File, Format Version 12.00
# Visual Studio 15
VisualStudioVersion = 15.0.28307.136
MinimumVisualStudioVersion = 10.0.40219.1
Project("{FAE04EC0-301F-11D3-BF4B-00C04F79EFBC}") = "Initial", "Initial\Initial.csproj", "{C93493CE-40DB-4FBA-AFB3-BB8CED8EA762}"
EndProject
Global
	GlobalSection(SolutionConfigurationPlatforms) = preSolution
		Debug|Any CPU = Debug|Any CPU
		Release|Any CPU = Release|Any CPU
	EndGlobalSection
	GlobalSection(ProjectConfigurationPlatforms) = postSolution
		{C93493CE-40DB-4FBA-AFB3-BB8CED8EA762}.Debug|Any CPU.ActiveCfg = Debug|Any CPU
		{C93493CE-40DB-4FBA-AFB3-BB8CED8EA762}.Debug|Any CPU.Build.0 = Debug|Any CPU
		{C93493CE-40DB-4FBA-AFB3-BB8CED8EA762}.Release|Any CPU.ActiveCfg = Release|Any CPU
		{C93493CE-40DB-4FBA-AFB3-BB8CED8EA762}.Release|Any CPU.Build.0 = Release|Any CPU
	EndGlobalSection
	GlobalSection(SolutionProperties) = preSolution
		HideSolutionNode = FALSE
	EndGlobalSection
	GlobalSection(ExtensibilityGlobals) = postSolution
		SolutionGuid = {7F809BC4-9CED-47CA-9AC6-0029C3E08160}
	EndGlobalSection
EndGlobal
